# THIS IS AN AUTOGENERATED FILE. DO NOT EDIT THIS FILE DIRECTLY.
# yarn lockfile v1


"@noble/curves@^1.0.0", "@noble/curves@~1.6.0":
  version "1.6.0"
  resolved "https://registry.yarnpkg.com/@noble/curves/-/curves-1.6.0.tgz#be5296ebcd5a1730fccea4786d420f87abfeb40b"
  integrity sha512-TlaHRXDehJuRNR9TfZDNQ45mMEd5dwUwmicsafcIX4SsNiqnCHKjE/1alYPd/lDRVhxdhUAlv8uEhMCI5zjIJQ==
  dependencies:
    "@noble/hashes" "1.5.0"

"@noble/hashes@1.5.0", "@noble/hashes@^1.0.0", "@noble/hashes@~1.5.0":
  version "1.5.0"
  resolved "https://registry.yarnpkg.com/@noble/hashes/-/hashes-1.5.0.tgz#abadc5ca20332db2b1b2aa3e496e9af1213570b0"
  integrity sha512-1j6kQFb7QRru7eKN3ZDvRcP13rugwdxZqCjbiAVZfIJwgj2A65UmT4TgARXGlXgnRkORLTDTrO19ZErt7+QXgA==

"@scure/base@^1.1.3", "@scure/base@~1.1.7", "@scure/base@~1.1.8":
  version "1.1.9"
  resolved "https://registry.yarnpkg.com/@scure/base/-/base-1.1.9.tgz#e5e142fbbfe251091f9c5f1dd4c834ac04c3dbd1"
  integrity sha512-8YKhl8GHiNI/pU2VMaofa2Tor7PJRAjwQLBBuilkJ9L5+13yVbC7JO/wS7piioAvPSwR3JKM1IJ/u4xQzbcXKg==

"@scure/bip32@^1.3.1":
  version "1.5.0"
  resolved "https://registry.yarnpkg.com/@scure/bip32/-/bip32-1.5.0.tgz#dd4a2e1b8a9da60e012e776d954c4186db6328e6"
  integrity sha512-8EnFYkqEQdnkuGBVpCzKxyIwDCBLDVj3oiX0EKUFre/tOjL/Hqba1D6n/8RcmaQy4f95qQFrO2A8Sr6ybh4NRw==
  dependencies:
    "@noble/curves" "~1.6.0"
    "@noble/hashes" "~1.5.0"
    "@scure/base" "~1.1.7"

"@scure/bip39@^1.2.1":
  version "1.4.0"
  resolved "https://registry.yarnpkg.com/@scure/bip39/-/bip39-1.4.0.tgz#664d4f851564e2e1d4bffa0339f9546ea55960a6"
  integrity sha512-BEEm6p8IueV/ZTfQLp/0vhw4NPnT9oWf5+28nvmeUICjP99f4vr2d+qc7AVGDDtwRep6ifR43Yed9ERVmiITzw==
  dependencies:
    "@noble/hashes" "~1.5.0"
    "@scure/base" "~1.1.8"

"@xrplf/isomorphic@^1.0.0", "@xrplf/isomorphic@^1.0.1":
  version "1.0.1"
  resolved "https://registry.yarnpkg.com/@xrplf/isomorphic/-/isomorphic-1.0.1.tgz#d7676e0ec0e55a39f37ddc1f3cc30eeab52e0739"
  integrity sha512-0bIpgx8PDjYdrLFeC3csF305QQ1L7sxaWnL5y71mCvhenZzJgku9QsA+9QCXBC1eNYtxWO/xR91zrXJy2T/ixg==
  dependencies:
    "@noble/hashes" "^1.0.0"
    eventemitter3 "5.0.1"
    ws "^8.13.0"

"@xrplf/secret-numbers@^1.0.0":
  version "1.0.0"
  resolved "https://registry.yarnpkg.com/@xrplf/secret-numbers/-/secret-numbers-1.0.0.tgz#cc19ff84236cc2737b38f2e42a29924f2b8ffc0e"
  integrity sha512-qsCLGyqe1zaq9j7PZJopK+iGTGRbk6akkg6iZXJJgxKwck0C5x5Gnwlb1HKYGOwPKyrXWpV6a2YmcpNpUFctGg==
  dependencies:
    "@xrplf/isomorphic" "^1.0.0"
    ripple-keypairs "^2.0.0"

bignumber.js@^9.0.0:
  version "9.0.2"
  resolved "https://registry.yarnpkg.com/bignumber.js/-/bignumber.js-9.0.2.tgz#71c6c6bed38de64e24a65ebe16cfcf23ae693673"
  integrity sha512-GAcQvbpsM0pUb0zw1EI0KhQEZ+lRwR5fYaAp3vPOYuP7aDvGy6cVN6XHLauvF8SOga2y0dcLcjt3iQDTSEliyw==

cross-fetch@^4.0.0:
  version "4.0.0"
  resolved "https://registry.yarnpkg.com/cross-fetch/-/cross-fetch-4.0.0.tgz#f037aef1580bb3a1a35164ea2a848ba81b445983"
  integrity sha512-e4a5N8lVvuLgAWgnCrLr2PP0YyDOTHa9H/Rj54dirp61qXnNq46m82bRhNqIA5VccJtWBvPTFRV3TtvHUKPB1g==
  dependencies:
    node-fetch "^2.6.12"

eventemitter3@5.0.1, eventemitter3@^5.0.1:
  version "5.0.1"
  resolved "https://registry.yarnpkg.com/eventemitter3/-/eventemitter3-5.0.1.tgz#53f5ffd0a492ac800721bb42c66b841de96423c4"
  integrity sha512-GWkBvjiSZK87ELrYOSESUYeVIc9mvLLf/nXalMOS5dYrgZq9o5OVkbZAVM06CVxYsCwH9BDZFPlQTlPA1j4ahA==

node-fetch@^2.6.12:
  version "2.7.0"
  resolved "https://registry.yarnpkg.com/node-fetch/-/node-fetch-2.7.0.tgz#d0f0fa6e3e2dc1d27efcd8ad99d550bda94d187d"
  integrity sha512-c4FRfUm/dbcWZ7U+1Wq0AwCyFL+3nt2bEw05wfxSz+DWpWsitgmSgYmy2dQdWyKC1694ELPqMs/YzUSNozLt8A==
  dependencies:
    whatwg-url "^5.0.0"

ripple-address-codec@^5.0.0:
  version "5.0.0"
  resolved "https://registry.yarnpkg.com/ripple-address-codec/-/ripple-address-codec-5.0.0.tgz#97059f7bba6f9ed7a52843de8aa427723fb529f6"
  integrity sha512-de7osLRH/pt5HX2xw2TRJtbdLLWHu0RXirpQaEeCnWKY5DYHykh3ETSkofvm0aX0LJiV7kwkegJxQkmbO94gWw==
  dependencies:
    "@scure/base" "^1.1.3"
    "@xrplf/isomorphic" "^1.0.0"

ripple-binary-codec@^2.1.0:
  version "2.1.0"
  resolved "https://registry.yarnpkg.com/ripple-binary-codec/-/ripple-binary-codec-2.1.0.tgz#f1ef81f8d1f05a6cecc06fc6d9b13456569cafda"
  integrity sha512-q0GAx+hj3UVcDbhXVjk7qeNfgUMehlElYJwiCuIBwqs/51GVTOwLr39Ht3eNsX5ow2xPRaC5mqHwcFDvLRm6cA==
  dependencies:
    "@xrplf/isomorphic" "^1.0.1"
    bignumber.js "^9.0.0"
    ripple-address-codec "^5.0.0"

ripple-keypairs@^2.0.0:
  version "2.0.0"
  resolved "https://registry.yarnpkg.com/ripple-keypairs/-/ripple-keypairs-2.0.0.tgz#4a1a8142e9a58c07e61b3cc6cfe7317db718d289"
  integrity sha512-b5rfL2EZiffmklqZk1W+dvSy97v3V/C7936WxCCgDynaGPp7GE6R2XO7EU9O2LlM/z95rj870IylYnOQs+1Rag==
  dependencies:
    "@noble/curves" "^1.0.0"
    "@xrplf/isomorphic" "^1.0.0"
    ripple-address-codec "^5.0.0"

tr46@~0.0.3:
  version "0.0.3"
  resolved "https://registry.yarnpkg.com/tr46/-/tr46-0.0.3.tgz#8184fd347dac9cdc185992f3a6622e14b9d9ab6a"
  integrity sha512-N3WMsuqV66lT30CrXNbEjx4GEwlow3v6rr4mCcv6prnfwhS01rkgyFdjPNBYd9br7LpXV1+Emh01fHnq2Gdgrw==

webidl-conversions@^3.0.0:
  version "3.0.1"
  resolved "https://registry.yarnpkg.com/webidl-conversions/-/webidl-conversions-3.0.1.tgz#24534275e2a7bc6be7bc86611cc16ae0a5654871"
  integrity sha512-2JAn3z8AR6rjK8Sm8orRC0h/bcl/DqL7tRPdGZ4I1CjdF+EaMLmYxBHyXuKL849eucPFhvBoxMsflfOb8kxaeQ==

whatwg-url@^5.0.0:
  version "5.0.0"
  resolved "https://registry.yarnpkg.com/whatwg-url/-/whatwg-url-5.0.0.tgz#966454e8765462e37644d3626f6742ce8b70965d"
  integrity sha512-saE57nupxk6v3HY35+jzBwYa0rKSy0XR8JSxZPwgLr7ys0IBzhGviA1/TUGJLmSVqs8pb9AnvICXEuOHLprYTw==
  dependencies:
    tr46 "~0.0.3"
    webidl-conversions "^3.0.0"

ws@^8.13.0:
  version "8.18.0"
  resolved "https://registry.yarnpkg.com/ws/-/ws-8.18.0.tgz#0d7505a6eafe2b0e712d232b42279f53bc289bbc"
  integrity sha512-8VbfWfHLbbwu3+N6OKsOMpBdT4kXPDDB9cJk2bJ6mh9ucxdlnNvH1e+roYkKmN9Nxw2yjz7VzeO9oOz2zJ04Pw==

xrpl@^3.0.0:
  version "3.1.0"
  resolved "https://registry.yarnpkg.com/xrpl/-/xrpl-3.1.0.tgz#be1f979279a6a57723135ab4eef2b1e58dd49f7c"
  integrity sha512-+97WiaF/AQTT6fXgD9Z5xyYbtlML0USCWrZFYjrC57yqtlWluacwwbMZa/I6ByVIKqCqVXJwRuRl20IQGlVGlg==
  dependencies:
    "@scure/bip32" "^1.3.1"
    "@scure/bip39" "^1.2.1"
    "@xrplf/isomorphic" "^1.0.1"
    "@xrplf/secret-numbers" "^1.0.0"
    bignumber.js "^9.0.0"
    cross-fetch "^4.0.0"
    eventemitter3 "^5.0.1"
    ripple-address-codec "^5.0.0"
    ripple-binary-codec "^2.1.0"
    ripple-keypairs "^2.0.0"
